
Microsoft Visual Studio Solution File, Format Version 12.00
# Visual Studio 2012
Project("{FAE04EC0-301F-11D3-BF4B-00C04F79EFBC}") = "HeartbeatSample", "HeartbeatSample\HeartbeatSample.csproj", "{BABCC7F2-D1D6-4264-BA71-B9C35A331AEF}"
EndProject
Global
	GlobalSection(SolutionConfigurationPlatforms) = preSolution
		Debug|Any CPU = Debug|Any CPU
		Release|Any CPU = Release|Any CPU
	EndGlobalSection
	GlobalSection(ProjectConfigurationPlatforms) = postSolution
		{BABCC7F2-D1D6-4264-BA71-B9C35A331AEF}.Debug|Any CPU.ActiveCfg = Debug|Any CPU
		{BABCC7F2-D1D6-4264-BA71-B9C35A331AEF}.Debug|Any CPU.Build.0 = Debug|Any CPU
		{BABCC7F2-D1D6-4264-BA71-B9C35A331AEF}.Release|Any CPU.ActiveCfg = Release|Any CPU
		{BABCC7F2-D1D6-4264-BA71-B9C35A331AEF}.Release|Any CPU.Build.0 = Release|Any CPU
	EndGlobalSection
	GlobalSection(SolutionProperties) = preSolution
		HideSolutionNode = FALSE
	EndGlobalSection
EndGlobal
